
Microsoft Visual Studio Solution File, Format Version 12.00
# Visual Studio Version 17
VisualStudioVersion = 17.4.33403.182
MinimumVisualStudioVersion = 10.0.40219.1
Project("{FAE04EC0-301F-11D3-BF4B-00C04F79EFBC}") = "task1_csharp", "task1_csharp.csproj", "{16ADE1AA-8CBD-47E6-9431-7D26548E7289}"
EndProject
Global
	GlobalSection(SolutionConfigurationPlatforms) = preSolution
		Debug|Any CPU = Debug|Any CPU
		Release|Any CPU = Release|Any CPU
	EndGlobalSection
	GlobalSection(ProjectConfigurationPlatforms) = postSolution
		{16ADE1AA-8CBD-47E6-9431-7D26548E7289}.Debug|Any CPU.ActiveCfg = Debug|Any CPU
		{16ADE1AA-8CBD-47E6-9431-7D26548E7289}.Debug|Any CPU.Build.0 = Debug|Any CPU
		{16ADE1AA-8CBD-47E6-9431-7D26548E7289}.Release|Any CPU.ActiveCfg = Release|Any CPU
		{16ADE1AA-8CBD-47E6-9431-7D26548E7289}.Release|Any CPU.Build.0 = Release|Any CPU
	EndGlobalSection
	GlobalSection(SolutionProperties) = preSolution
		HideSolutionNode = FALSE
	EndGlobalSection
	GlobalSection(ExtensibilityGlobals) = postSolution
		SolutionGuid = {F374E98D-8D26-4FAF-87A8-8C45AA37D6E4}
	EndGlobalSection
EndGlobal
